hash: c416f2949c8bb60be6626d0522523c65f996bfc513547b3d406e6915d210df24
updated: 2017-05-17T08:26:36.593899449+09:00
imports:
- name: gopkg.in/ahmetb/go-linq.v3
  version: 7e71c124c1f903df09ca08678f145f68b45d125e
- name: gopkg.in/urfave/cli.v2
  version: 0bdeddeeb0f650497d603c4ad7b20cfe685682f6
testImports: []
